
Microsoft Visual Studio Solution File, Format Version 12.00
# Visual Studio 14
VisualStudioVersion = 14.0.25420.1
MinimumVisualStudioVersion = 10.0.40219.1
Project("{2150E333-8FDC-42A3-9474-1A3956D46DE8}") = "Domain", "Domain", "{111B4857-E5FA-4EC0-B934-2769BD508C94}"
EndProject
Project("{2150E333-8FDC-42A3-9474-1A3956D46DE8}") = "Server", "Server", "{81B12431-55C0-4DEE-8C17-3930151C44C4}"
EndProject
Project("{2150E333-8FDC-42A3-9474-1A3956D46DE8}") = "Client", "Client", "{BD7F0BFB-F6A5-4650-93D3-3D5467768763}"
EndProject
Project("{8BB2217D-0F2D-49D1-97BC-3654ED321F3B}") = "LayeredApp.Domain", "LayeredApp.Domain\LayeredApp.Domain.xproj", "{32FF035C-9EE6-4A3B-BB84-F96DF35E0DA1}"
EndProject
Project("{8BB2217D-0F2D-49D1-97BC-3654ED321F3B}") = "LayeredApp.Client.Web", "LayeredApp.Client.Web\LayeredApp.Client.Web.xproj", "{4911F8CB-ACEA-45FA-937A-2F3291E98A9E}"
EndProject
Project("{2150E333-8FDC-42A3-9474-1A3956D46DE8}") = "Business", "Business", "{5B363731-3E22-470F-AE9D-A69692BC610A}"
EndProject
Project("{2150E333-8FDC-42A3-9474-1A3956D46DE8}") = "Host", "Host", "{FDD7E335-AEF9-4D16-B96D-0CAC9DEAF060}"
EndProject
Project("{2150E333-8FDC-42A3-9474-1A3956D46DE8}") = "Core", "Core", "{FD05D491-8C5F-46D0-BA5E-8879CD95CB50}"
EndProject
Project("{8BB2217D-0F2D-49D1-97BC-3654ED321F3B}") = "LayeredApp.Server.Core.Database", "LayeredApp.Server.Core.Database\LayeredApp.Server.Core.Database.xproj", "{E798A0CC-3646-432B-B164-134BB227126C}"
EndProject
Project("{8BB2217D-0F2D-49D1-97BC-3654ED321F3B}") = "LayeredApp.Server.Business.Validation", "LayeredApp.Server.Business.Validation\LayeredApp.Server.Business.Validation.xproj", "{C1310103-556A-4D65-B1AD-F89830833DF3}"
EndProject
Project("{8BB2217D-0F2D-49D1-97BC-3654ED321F3B}") = "LayeredApp.Server.Core.Utilities", "LayeredApp.Server.Core.Utilities\LayeredApp.Server.Core.Utilities.xproj", "{31FCF945-4088-4CD8-9248-A9B99FEC440C}"
EndProject
Project("{8BB2217D-0F2D-49D1-97BC-3654ED321F3B}") = "LayeredApp.Server.Host", "LayeredApp.Server.Host\LayeredApp.Server.Host.xproj", "{34364BFB-61D5-425E-BD09-47647FC5862D}"
EndProject
Project("{8BB2217D-0F2D-49D1-97BC-3654ED321F3B}") = "LayeredApp.Server.Business", "LayeredApp.Server.Business\LayeredApp.Server.Business.xproj", "{590CD810-BCE4-42E4-A6FD-A1DE62A3EFE4}"
EndProject
Project("{8BB2217D-0F2D-49D1-97BC-3654ED321F3B}") = "LayeredApp.Server.Core", "LayeredApp.Server.Core\LayeredApp.Server.Core.xproj", "{D0CE6BFA-A42A-47E7-9C3F-3029108688D0}"
EndProject
Project("{8BB2217D-0F2D-49D1-97BC-3654ED321F3B}") = "LayeredApp.Server.WebApi", "LayeredApp.Server.WebApi\LayeredApp.Server.WebApi.xproj", "{DB43127D-D6C7-4911-951F-4E8B4D244263}"
EndProject
Project("{8BB2217D-0F2D-49D1-97BC-3654ED321F3B}") = "LayeredApp.Server.Business.Service", "LayeredApp.Server.Business.Service\LayeredApp.Server.Business.Service.xproj", "{C71ADF47-8A2C-4303-93FD-210E42451ADB}"
EndProject
Global
	GlobalSection(SolutionConfigurationPlatforms) = preSolution
		Debug|Any CPU = Debug|Any CPU
		Release|Any CPU = Release|Any CPU
	EndGlobalSection
	GlobalSection(ProjectConfigurationPlatforms) = postSolution
		{32FF035C-9EE6-4A3B-BB84-F96DF35E0DA1}.Debug|Any CPU.ActiveCfg = Debug|Any CPU
		{32FF035C-9EE6-4A3B-BB84-F96DF35E0DA1}.Debug|Any CPU.Build.0 = Debug|Any CPU
		{32FF035C-9EE6-4A3B-BB84-F96DF35E0DA1}.Release|Any CPU.ActiveCfg = Release|Any CPU
		{32FF035C-9EE6-4A3B-BB84-F96DF35E0DA1}.Release|Any CPU.Build.0 = Release|Any CPU
		{4911F8CB-ACEA-45FA-937A-2F3291E98A9E}.Debug|Any CPU.ActiveCfg = Debug|Any CPU
		{4911F8CB-ACEA-45FA-937A-2F3291E98A9E}.Debug|Any CPU.Build.0 = Debug|Any CPU
		{4911F8CB-ACEA-45FA-937A-2F3291E98A9E}.Release|Any CPU.ActiveCfg = Release|Any CPU
		{4911F8CB-ACEA-45FA-937A-2F3291E98A9E}.Release|Any CPU.Build.0 = Release|Any CPU
		{E798A0CC-3646-432B-B164-134BB227126C}.Debug|Any CPU.ActiveCfg = Debug|Any CPU
		{E798A0CC-3646-432B-B164-134BB227126C}.Debug|Any CPU.Build.0 = Debug|Any CPU
		{E798A0CC-3646-432B-B164-134BB227126C}.Release|Any CPU.ActiveCfg = Release|Any CPU
		{E798A0CC-3646-432B-B164-134BB227126C}.Release|Any CPU.Build.0 = Release|Any CPU
		{C1310103-556A-4D65-B1AD-F89830833DF3}.Debug|Any CPU.ActiveCfg = Debug|Any CPU
		{C1310103-556A-4D65-B1AD-F89830833DF3}.Debug|Any CPU.Build.0 = Debug|Any CPU
		{C1310103-556A-4D65-B1AD-F89830833DF3}.Release|Any CPU.ActiveCfg = Release|Any CPU
		{C1310103-556A-4D65-B1AD-F89830833DF3}.Release|Any CPU.Build.0 = Release|Any CPU
		{31FCF945-4088-4CD8-9248-A9B99FEC440C}.Debug|Any CPU.ActiveCfg = Debug|Any CPU
		{31FCF945-4088-4CD8-9248-A9B99FEC440C}.Debug|Any CPU.Build.0 = Debug|Any CPU
		{31FCF945-4088-4CD8-9248-A9B99FEC440C}.Release|Any CPU.ActiveCfg = Release|Any CPU
		{31FCF945-4088-4CD8-9248-A9B99FEC440C}.Release|Any CPU.Build.0 = Release|Any CPU
		{34364BFB-61D5-425E-BD09-47647FC5862D}.Debug|Any CPU.ActiveCfg = Debug|Any CPU
		{34364BFB-61D5-425E-BD09-47647FC5862D}.Debug|Any CPU.Build.0 = Debug|Any CPU
		{34364BFB-61D5-425E-BD09-47647FC5862D}.Release|Any CPU.ActiveCfg = Release|Any CPU
		{34364BFB-61D5-425E-BD09-47647FC5862D}.Release|Any CPU.Build.0 = Release|Any CPU
		{590CD810-BCE4-42E4-A6FD-A1DE62A3EFE4}.Debug|Any CPU.ActiveCfg = Debug|Any CPU
		{590CD810-BCE4-42E4-A6FD-A1DE62A3EFE4}.Debug|Any CPU.Build.0 = Debug|Any CPU
		{590CD810-BCE4-42E4-A6FD-A1DE62A3EFE4}.Release|Any CPU.ActiveCfg = Release|Any CPU
		{590CD810-BCE4-42E4-A6FD-A1DE62A3EFE4}.Release|Any CPU.Build.0 = Release|Any CPU
		{D0CE6BFA-A42A-47E7-9C3F-3029108688D0}.Debug|Any CPU.ActiveCfg = Debug|Any CPU
		{D0CE6BFA-A42A-47E7-9C3F-3029108688D0}.Debug|Any CPU.Build.0 = Debug|Any CPU
		{D0CE6BFA-A42A-47E7-9C3F-3029108688D0}.Release|Any CPU.ActiveCfg = Release|Any CPU
		{D0CE6BFA-A42A-47E7-9C3F-3029108688D0}.Release|Any CPU.Build.0 = Release|Any CPU
		{DB43127D-D6C7-4911-951F-4E8B4D244263}.Debug|Any CPU.ActiveCfg = Debug|Any CPU
		{DB43127D-D6C7-4911-951F-4E8B4D244263}.Debug|Any CPU.Build.0 = Debug|Any CPU
		{DB43127D-D6C7-4911-951F-4E8B4D244263}.Release|Any CPU.ActiveCfg = Release|Any CPU
		{DB43127D-D6C7-4911-951F-4E8B4D244263}.Release|Any CPU.Build.0 = Release|Any CPU
		{C71ADF47-8A2C-4303-93FD-210E42451ADB}.Debug|Any CPU.ActiveCfg = Debug|Any CPU
		{C71ADF47-8A2C-4303-93FD-210E42451ADB}.Debug|Any CPU.Build.0 = Debug|Any CPU
		{C71ADF47-8A2C-4303-93FD-210E42451ADB}.Release|Any CPU.ActiveCfg = Release|Any CPU
		{C71ADF47-8A2C-4303-93FD-210E42451ADB}.Release|Any CPU.Build.0 = Release|Any CPU
	EndGlobalSection
	GlobalSection(SolutionProperties) = preSolution
		HideSolutionNode = FALSE
	EndGlobalSection
	GlobalSection(NestedProjects) = preSolution
		{32FF035C-9EE6-4A3B-BB84-F96DF35E0DA1} = {111B4857-E5FA-4EC0-B934-2769BD508C94}
		{4911F8CB-ACEA-45FA-937A-2F3291E98A9E} = {BD7F0BFB-F6A5-4650-93D3-3D5467768763}
		{5B363731-3E22-470F-AE9D-A69692BC610A} = {81B12431-55C0-4DEE-8C17-3930151C44C4}
		{FDD7E335-AEF9-4D16-B96D-0CAC9DEAF060} = {81B12431-55C0-4DEE-8C17-3930151C44C4}
		{FD05D491-8C5F-46D0-BA5E-8879CD95CB50} = {81B12431-55C0-4DEE-8C17-3930151C44C4}
		{E798A0CC-3646-432B-B164-134BB227126C} = {FD05D491-8C5F-46D0-BA5E-8879CD95CB50}
		{C1310103-556A-4D65-B1AD-F89830833DF3} = {5B363731-3E22-470F-AE9D-A69692BC610A}
		{31FCF945-4088-4CD8-9248-A9B99FEC440C} = {FD05D491-8C5F-46D0-BA5E-8879CD95CB50}
		{34364BFB-61D5-425E-BD09-47647FC5862D} = {FDD7E335-AEF9-4D16-B96D-0CAC9DEAF060}
		{590CD810-BCE4-42E4-A6FD-A1DE62A3EFE4} = {5B363731-3E22-470F-AE9D-A69692BC610A}
		{D0CE6BFA-A42A-47E7-9C3F-3029108688D0} = {FD05D491-8C5F-46D0-BA5E-8879CD95CB50}
		{DB43127D-D6C7-4911-951F-4E8B4D244263} = {81B12431-55C0-4DEE-8C17-3930151C44C4}
		{C71ADF47-8A2C-4303-93FD-210E42451ADB} = {5B363731-3E22-470F-AE9D-A69692BC610A}
	EndGlobalSection
EndGlobal
